{
  "name": "babel-ex",
  "version": "1.0.0",
  "lockfileVersion": 1,
  "requires": true,
  "dependencies": {
    "@babel/parser": {
      "version": "7.15.5",
      "resolved": "https://registry.nlark.com/@babel/parser/download/@babel/parser-7.15.5.tgz?cache=0&sync_timestamp=1630746308399&other_urls=https%3A%2F%2Fregistry.nlark.com%2F%40babel%2Fparser%2Fdownload%2F%40babel%2Fparser-7.15.5.tgz",
      "integrity": "sha1-0zpYymn6zAWyat/kq+v+1WwcLaw=",
      "dev": true
    }
  }
}
